<?xml version="1.0" encoding="UTF-8"?>
<CONFIG>
  <ProjectOptions>
    <Version Value="12"/>
    <General>
      <Flags>
        <MainUnitHasCreateFormStatements Value="False"/>
        <MainUnitHasTitleStatement Value="False"/>
      </Flags>
      <SessionStorage Value="None"/>
      <Title Value="RenderView"/>
    </General>
    <BuildModes>
      <Item Name="Default" Default="True"/>
    </BuildModes>
    <RequiredPackages>
      <Item>
        <PackageName Value="LCL"/>
      </Item>
    </RequiredPackages>
    <Units>
      <Unit>
        <Filename Value="RenderView.lpr"/>
        <IsPartOfProject Value="True"/>
      </Unit>
      <Unit>
        <Filename Value="../src/uMatrix.pas"/>
        <IsPartOfProject Value="True"/>
        <UnitName Value="uMatrix"/>
      </Unit>
      <Unit>
        <Filename Value="../src/uView3D.pas"/>
        <IsPartOfProject Value="True"/>
        <UnitName Value="uView3D"/>
      </Unit>
    </Units>
  </ProjectOptions>
  <CompilerOptions>
    <Version Value="11"/>
    <SearchPaths>
      <OtherUnitFiles Value="../src"/>
      <UnitOutputDirectory Value="lib"/>
    </SearchPaths>
  </CompilerOptions>
</CONFIG>
